
Microsoft Visual Studio Solution File, Format Version 11.00
# Visual Studio 2010
Project("{FAE04EC0-301F-11D3-BF4B-00C04F79EFBC}") = "Tetris.ConsoleApp", "Tetris.ConsoleApp\Tetris.ConsoleApp.csproj", "{66D24791-FCEA-4C6A-8535-FE6400484486}"
EndProject
Project("{FAE04EC0-301F-11D3-BF4B-00C04F79EFBC}") = "Tetris.Core", "Tetris.Core\Tetris.Core.csproj", "{F177698F-EFE8-4FE4-9544-8EF6BD228B48}"
EndProject
Project("{FAE04EC0-301F-11D3-BF4B-00C04F79EFBC}") = "Tetris.Tests", "Tetris.Tests\Tetris.Tests.csproj", "{54DCC559-067B-4533-B02B-6553CE6B322D}"
EndProject
Project("{2150E333-8FDC-42A3-9474-1A3956D46DE8}") = ".nuget", ".nuget", "{B8C13907-BF18-40F3-A69E-1490FB751D94}"
	ProjectSection(SolutionItems) = preProject
		.nuget\NuGet.exe = .nuget\NuGet.exe
		.nuget\NuGet.targets = .nuget\NuGet.targets
	EndProjectSection
EndProject
Global
	GlobalSection(SolutionConfigurationPlatforms) = preSolution
		Debug|Any CPU = Debug|Any CPU
		Debug|Mixed Platforms = Debug|Mixed Platforms
		Debug|x86 = Debug|x86
		Release|Any CPU = Release|Any CPU
		Release|Mixed Platforms = Release|Mixed Platforms
		Release|x86 = Release|x86
	EndGlobalSection
	GlobalSection(ProjectConfigurationPlatforms) = postSolution
		{66D24791-FCEA-4C6A-8535-FE6400484486}.Debug|Any CPU.ActiveCfg = Debug|x86
		{66D24791-FCEA-4C6A-8535-FE6400484486}.Debug|Mixed Platforms.ActiveCfg = Debug|x86
		{66D24791-FCEA-4C6A-8535-FE6400484486}.Debug|Mixed Platforms.Build.0 = Debug|x86
		{66D24791-FCEA-4C6A-8535-FE6400484486}.Debug|x86.ActiveCfg = Debug|x86
		{66D24791-FCEA-4C6A-8535-FE6400484486}.Debug|x86.Build.0 = Debug|x86
		{66D24791-FCEA-4C6A-8535-FE6400484486}.Release|Any CPU.ActiveCfg = Release|x86
		{66D24791-FCEA-4C6A-8535-FE6400484486}.Release|Mixed Platforms.ActiveCfg = Release|x86
		{66D24791-FCEA-4C6A-8535-FE6400484486}.Release|Mixed Platforms.Build.0 = Release|x86
		{66D24791-FCEA-4C6A-8535-FE6400484486}.Release|x86.ActiveCfg = Release|x86
		{66D24791-FCEA-4C6A-8535-FE6400484486}.Release|x86.Build.0 = Release|x86
		{F177698F-EFE8-4FE4-9544-8EF6BD228B48}.Debug|Any CPU.ActiveCfg = Debug|Any CPU
		{F177698F-EFE8-4FE4-9544-8EF6BD228B48}.Debug|Any CPU.Build.0 = Debug|Any CPU
		{F177698F-EFE8-4FE4-9544-8EF6BD228B48}.Debug|Mixed Platforms.ActiveCfg = Debug|Any CPU
		{F177698F-EFE8-4FE4-9544-8EF6BD228B48}.Debug|Mixed Platforms.Build.0 = Debug|Any CPU
		{F177698F-EFE8-4FE4-9544-8EF6BD228B48}.Debug|x86.ActiveCfg = Debug|Any CPU
		{F177698F-EFE8-4FE4-9544-8EF6BD228B48}.Release|Any CPU.ActiveCfg = Release|Any CPU
		{F177698F-EFE8-4FE4-9544-8EF6BD228B48}.Release|Any CPU.Build.0 = Release|Any CPU
		{F177698F-EFE8-4FE4-9544-8EF6BD228B48}.Release|Mixed Platforms.ActiveCfg = Release|Any CPU
		{F177698F-EFE8-4FE4-9544-8EF6BD228B48}.Release|Mixed Platforms.Build.0 = Release|Any CPU
		{F177698F-EFE8-4FE4-9544-8EF6BD228B48}.Release|x86.ActiveCfg = Release|Any CPU
		{54DCC559-067B-4533-B02B-6553CE6B322D}.Debug|Any CPU.ActiveCfg = Debug|Any CPU
		{54DCC559-067B-4533-B02B-6553CE6B322D}.Debug|Any CPU.Build.0 = Debug|Any CPU
		{54DCC559-067B-4533-B02B-6553CE6B322D}.Debug|Mixed Platforms.ActiveCfg = Debug|Any CPU
		{54DCC559-067B-4533-B02B-6553CE6B322D}.Debug|Mixed Platforms.Build.0 = Debug|Any CPU
		{54DCC559-067B-4533-B02B-6553CE6B322D}.Debug|x86.ActiveCfg = Debug|Any CPU
		{54DCC559-067B-4533-B02B-6553CE6B322D}.Release|Any CPU.ActiveCfg = Release|Any CPU
		{54DCC559-067B-4533-B02B-6553CE6B322D}.Release|Any CPU.Build.0 = Release|Any CPU
		{54DCC559-067B-4533-B02B-6553CE6B322D}.Release|Mixed Platforms.ActiveCfg = Release|Any CPU
		{54DCC559-067B-4533-B02B-6553CE6B322D}.Release|Mixed Platforms.Build.0 = Release|Any CPU
		{54DCC559-067B-4533-B02B-6553CE6B322D}.Release|x86.ActiveCfg = Release|Any CPU
	EndGlobalSection
	GlobalSection(SolutionProperties) = preSolution
		HideSolutionNode = FALSE
	EndGlobalSection
EndGlobal
